{
  "name": "agency",
  "requires": true,
  "lockfileVersion": 1,
  "dependencies": {
    "rails-ujs": {
      "version": "5.2.0",
      "resolved": "https://registry.npmjs.org/rails-ujs/-/rails-ujs-5.2.0.tgz",
      "integrity": "sha512-ELlkm9A3ONnybtCc+/oOszEg03K1oG4GUlBqVbbqKhZkqW7ci68udVTi/YSxRBvWkyITICbcjYSqXAzWQJlxrw=="
    }
  }
}
